
Microsoft Visual Studio Solution File, Format Version 12.00
# Visual Studio Version 16
VisualStudioVersion = 16.0.30804.86
MinimumVisualStudioVersion = 10.0.40219.1
Project("{FAE04EC0-301F-11D3-BF4B-00C04F79EFBC}") = "EFAssets", "EFAssets\EFAssets.csproj", "{68F36236-15A6-47BA-9844-0D6410CA38DB}"
EndProject
Global
	GlobalSection(SolutionConfigurationPlatforms) = preSolution
		Debug|Any CPU = Debug|Any CPU
		Release|Any CPU = Release|Any CPU
	EndGlobalSection
	GlobalSection(ProjectConfigurationPlatforms) = postSolution
		{68F36236-15A6-47BA-9844-0D6410CA38DB}.Debug|Any CPU.ActiveCfg = Debug|Any CPU
		{68F36236-15A6-47BA-9844-0D6410CA38DB}.Debug|Any CPU.Build.0 = Debug|Any CPU
		{68F36236-15A6-47BA-9844-0D6410CA38DB}.Release|Any CPU.ActiveCfg = Release|Any CPU
		{68F36236-15A6-47BA-9844-0D6410CA38DB}.Release|Any CPU.Build.0 = Release|Any CPU
	EndGlobalSection
	GlobalSection(SolutionProperties) = preSolution
		HideSolutionNode = FALSE
	EndGlobalSection
	GlobalSection(ExtensibilityGlobals) = postSolution
		SolutionGuid = {C69FC588-D103-41A0-AA06-1B7A7D06502A}
	EndGlobalSection
EndGlobal
